
Microsoft Visual Studio Solution File, Format Version 12.00
# Visual Studio Version 17
VisualStudioVersion = 17.4.33213.308
MinimumVisualStudioVersion = 10.0.40219.1
Project("{FAE04EC0-301F-11D3-BF4B-00C04F79EFBC}") = "StudentMS", "StudentMS.csproj", "{ED84A5C9-CA42-4C96-8A59-931161685DC8}"
EndProject
Global
	GlobalSection(SolutionConfigurationPlatforms) = preSolution
		Debug|Any CPU = Debug|Any CPU
		Release|Any CPU = Release|Any CPU
	EndGlobalSection
	GlobalSection(ProjectConfigurationPlatforms) = postSolution
		{ED84A5C9-CA42-4C96-8A59-931161685DC8}.Debug|Any CPU.ActiveCfg = Debug|Any CPU
		{ED84A5C9-CA42-4C96-8A59-931161685DC8}.Debug|Any CPU.Build.0 = Debug|Any CPU
		{ED84A5C9-CA42-4C96-8A59-931161685DC8}.Release|Any CPU.ActiveCfg = Release|Any CPU
		{ED84A5C9-CA42-4C96-8A59-931161685DC8}.Release|Any CPU.Build.0 = Release|Any CPU
	EndGlobalSection
	GlobalSection(SolutionProperties) = preSolution
		HideSolutionNode = FALSE
	EndGlobalSection
	GlobalSection(ExtensibilityGlobals) = postSolution
		SolutionGuid = {3A29F711-7A40-488B-9264-E28AEA2AD8F6}
	EndGlobalSection
EndGlobal
